// !$*UTF8*$!
{
	archiveVersion = 1;
	classes = {
	};
	objectVersion = 50;
	objects = {

/* Begin PBXBuildFile section */
		0E998E4425A1B32300366131 /* AppDelegate.swift in Sources */ = {isa = PBXBuildFile; fileRef = 0E998E4325A1B32300366131 /* AppDelegate.swift */; };
		0E998E4625A1B32300366131 /* SceneDelegate.swift in Sources */ = {isa = PBXBuildFile; fileRef = 0E998E4525A1B32300366131 /* SceneDelegate.swift */; };
		0E998E4825A1B32300366131 /* ViewController.swift in Sources */ = {isa = PBXBuildFile; fileRef = 0E998E4725A1B32300366131 /* ViewController.swift */; };
		0E998E4B25A1B32300366131 /* Main.storyboard in Resources */ = {isa = PBXBuildFile; fileRef = 0E998E4925A1B32300366131 /* Main.storyboard */; };
		0E998E4D25A1B32400366131 /* Assets.xcassets in Resources */ = {isa = PBXBuildFile; fileRef = 0E998E4C25A1B32400366131 /* Assets.xcassets */; };
		0E998E5025A1B32400366131 /* LaunchScreen.storyboard in Resources */ = {isa = PBXBuildFile; fileRef = 0E998E4E25A1B32400366131 /* LaunchScreen.storyboard */; };
		0E998E5B25A1B32400366131 /* FastlaneSampleTests.swift in Sources */ = {isa = PBXBuildFile; fileRef = 0E998E5A25A1B32400366131 /* FastlaneSampleTests.swift */; };
		0E998E6625A1B32400366131 /* FastlaneSampleUITests.swift in Sources */ = {isa = PBXBuildFile; fileRef = 0E998E6525A1B32400366131 /* FastlaneSampleUITests.swift */; };
		0EF6A53625AC35E20023AEA0 /* GoogleService-Info.plist in Resources */ = {isa = PBXBuildFile; fileRef = 0EF6A53525AC35E20023AEA0 /* GoogleService-Info.plist */; };
		BD9B4FF13F2065D9FC93A354 /* libPods-FastlaneSampleTests.a in Frameworks */ = {isa = PBXBuildFile; fileRef = D8A4CB420E4883E441175B1B /* libPods-FastlaneSampleTests.a */; };
		DD60D50FA30371BFE2FE5467 /* libPods-FastlaneSample.a in Frameworks */ = {isa = PBXBuildFile; fileRef = D7F9E64923FF14F3F3268381 /* libPods-FastlaneSample.a */; };
		E75DD8041825E212D3D9B565 /* libPods-FastlaneSample-FastlaneSampleUITests.a in Frameworks */ = {isa = PBXBuildFile; fileRef = DB7EDF2352F6857287D3DC36 /* libPods-FastlaneSample-FastlaneSampleUITests.a */; };
/* End PBXBuildFile section */

/* Begin PBXContainerItemProxy section */
		0E998E5725A1B32400366131 /* PBXContainerItemProxy */ = {
			isa = PBXContainerItemProxy;
			containerPortal = 0E998E3825A1B32300366131 /* Project object */;
			proxyType = 1;
			remoteGlobalIDString = 0E998E3F25A1B32300366131;
			remoteInfo = FastlaneSample;
		};
		0E998E6225A1B32400366131 /* PBXContainerItemProxy */ = {
			isa = PBXContainerItemProxy;
			containerPortal = 0E998E3825A1B32300366131 /* Project object */;
			proxyType = 1;
			remoteGlobalIDString = 0E998E3F25A1B32300366131;
			remoteInfo = FastlaneSample;
		};
/* End PBXContainerItemProxy section */

/* Begin PBXFileReference section */
		0E998E4025A1B32300366131 /* FastlaneSample.app */ = {isa = PBXFileReference; explicitFileType = wrapper.application; includeInIndex = 0; path = FastlaneSample.app; sourceTree = BUILT_PRODUCTS_DIR; };
		0E998E4325A1B32300366131 /* AppDelegate.swift */ = {isa = PBXFileReference; lastKnownFileType = sourcecode.swift; path = AppDelegate.swift; sourceTree = "<group>"; };
		0E998E4525A1B32300366131 /* SceneDelegate.swift */ = {isa = PBXFileReference; lastKnownFileType = sourcecode.swift; path = SceneDelegate.swift; sourceTree = "<group>"; };
		0E998E4725A1B32300366131 /* ViewController.swift */ = {isa = PBXFileReference; lastKnownFileType = sourcecode.swift; path = ViewController.swift; sourceTree = "<group>"; };
		0E998E4A25A1B32300366131 /* Base */ = {isa = PBXFileReference; lastKnownFileType = file.storyboard; name = Base; path = Base.lproj/Main.storyboard; sourceTree = "<group>"; };
		0E998E4C25A1B32400366131 /* Assets.xcassets */ = {isa = PBXFileReference; lastKnownFileType = folder.assetcatalog; path = Assets.xcassets; sourceTree = "<group>"; };
		0E998E4F25A1B32400366131 /* Base */ = {isa = PBXFileReference; lastKnownFileType = file.storyboard; name = Base; path = Base.lproj/LaunchScreen.storyboard; sourceTree = "<group>"; };
		0E998E5125A1B32400366131 /* Info.plist */ = {isa = PBXFileReference; lastKnownFileType = text.plist.xml; path = Info.plist; sourceTree = "<group>"; };
		0E998E5625A1B32400366131 /* FastlaneSampleTests.xctest */ = {isa = PBXFileReference; explicitFileType = wrapper.cfbundle; includeInIndex = 0; path = FastlaneSampleTests.xctest; sourceTree = BUILT_PRODUCTS_DIR; };
		0E998E5A25A1B32400366131 /* FastlaneSampleTests.swift */ = {isa = PBXFileReference; lastKnownFileType = sourcecode.swift; path = FastlaneSampleTests.swift; sourceTree = "<group>"; };
		0E998E5C25A1B32400366131 /* Info.plist */ = {isa = PBXFileReference; lastKnownFileType = text.plist.xml; path = Info.plist; sourceTree = "<group>"; };
		0E998E6125A1B32400366131 /* FastlaneSampleUITests.xctest */ = {isa = PBXFileReference; explicitFileType = wrapper.cfbundle; includeInIndex = 0; path = FastlaneSampleUITests.xctest; sourceTree = BUILT_PRODUCTS_DIR; };
		0E998E6525A1B32400366131 /* FastlaneSampleUITests.swift */ = {isa = PBXFileReference; lastKnownFileType = sourcecode.swift; path = FastlaneSampleUITests.swift; sourceTree = "<group>"; };
		0E998E6725A1B32400366131 /* Info.plist */ = {isa = PBXFileReference; lastKnownFileType = text.plist.xml; path = Info.plist; sourceTree = "<group>"; };
		0EF6A53525AC35E20023AEA0 /* GoogleService-Info.plist */ = {isa = PBXFileReference; fileEncoding = 4; lastKnownFileType = text.plist.xml; path = "GoogleService-Info.plist"; sourceTree = "<group>"; };
		3FD07C3B2BAE2E9C2010AFB7 /* Pods-FastlaneSample.debug.xcconfig */ = {isa = PBXFileReference; includeInIndex = 1; lastKnownFileType = text.xcconfig; name = "Pods-FastlaneSample.debug.xcconfig"; path = "Target Support Files/Pods-FastlaneSample/Pods-FastlaneSample.debug.xcconfig"; sourceTree = "<group>"; };
		58AA2BB8DC07372F0558563B /* Pods-FastlaneSampleTests.release.xcconfig */ = {isa = PBXFileReference; includeInIndex = 1; lastKnownFileType = text.xcconfig; name = "Pods-FastlaneSampleTests.release.xcconfig"; path = "Target Support Files/Pods-FastlaneSampleTests/Pods-FastlaneSampleTests.release.xcconfig"; sourceTree = "<group>"; };
		62BB26D308644AB51B6C5C8C /* Pods-FastlaneSample.release.xcconfig */ = {isa = PBXFileReference; includeInIndex = 1; lastKnownFileType = text.xcconfig; name = "Pods-FastlaneSample.release.xcconfig"; path = "Target Support Files/Pods-FastlaneSample/Pods-FastlaneSample.release.xcconfig"; sourceTree = "<group>"; };
		657653CB3A0B07067713F245 /* Pods-FastlaneSample-FastlaneSampleUITests.debug.xcconfig */ = {isa = PBXFileReference; includeInIndex = 1; lastKnownFileType = text.xcconfig; name = "Pods-FastlaneSample-FastlaneSampleUITests.debug.xcconfig"; path = "Target Support Files/Pods-FastlaneSample-FastlaneSampleUITests/Pods-FastlaneSample-FastlaneSampleUITests.debug.xcconfig"; sourceTree = "<group>"; };
		82C2B811C8CCEE543BEDBED5 /* Pods-FastlaneSampleTests.debug.xcconfig */ = {isa = PBXFileReference; includeInIndex = 1; lastKnownFileType = text.xcconfig; name = "Pods-FastlaneSampleTests.debug.xcconfig"; path = "Target Support Files/Pods-FastlaneSampleTests/Pods-FastlaneSampleTests.debug.xcconfig"; sourceTree = "<group>"; };
		D7F9E64923FF14F3F3268381 /* libPods-FastlaneSample.a */ = {isa = PBXFileReference; explicitFileType = archive.ar; includeInIndex = 0; path = "libPods-FastlaneSample.a"; sourceTree = BUILT_PRODUCTS_DIR; };
		D8A4CB420E4883E441175B1B /* libPods-FastlaneSampleTests.a */ = {isa = PBXFileReference; explicitFileType = archive.ar; includeInIndex = 0; path = "libPods-FastlaneSampleTests.a"; sourceTree = BUILT_PRODUCTS_DIR; };
		DB7EDF2352F6857287D3DC36 /* libPods-FastlaneSample-FastlaneSampleUITests.a */ = {isa = PBXFileReference; explicitFileType = archive.ar; includeInIndex = 0; path = "libPods-FastlaneSample-FastlaneSampleUITests.a"; sourceTree = BUILT_PRODUCTS_DIR; };
		FC99D1CA51E085D40C81F0A2 /* Pods-FastlaneSample-FastlaneSampleUITests.release.xcconfig */ = {isa = PBXFileReference; includeInIndex = 1; lastKnownFileType = text.xcconfig; name = "Pods-FastlaneSample-FastlaneSampleUITests.release.xcconfig"; path = "Target Support Files/Pods-FastlaneSample-FastlaneSampleUITests/Pods-FastlaneSample-FastlaneSampleUITests.release.xcconfig"; sourceTree = "<group>"; };
/* End PBXFileReference section */

/* Begin PBXFrameworksBuildPhase section */
		0E998E3D25A1B32300366131 /* Frameworks */ = {
			isa = PBXFrameworksBuildPhase;
			buildActionMask = 2147483647;
			files = (
				DD60D50FA30371BFE2FE5467 /* libPods-FastlaneSample.a in Frameworks */,
			);
			runOnlyForDeploymentPostprocessing = 0;
		};
		0E998E5325A1B32400366131 /* Frameworks */ = {
			isa = PBXFrameworksBuildPhase;
			buildActionMask = 2147483647;
			files = (
				BD9B4FF13F2065D9FC93A354 /* libPods-FastlaneSampleTests.a in Frameworks */,
			);
			runOnlyForDeploymentPostprocessing = 0;
		};
		0E998E5E25A1B32400366131 /* Frameworks */ = {
			isa = PBXFrameworksBuildPhase;
			buildActionMask = 2147483647;
			files = (
				E75DD8041825E212D3D9B565 /* libPods-FastlaneSample-FastlaneSampleUITests.a in Frameworks */,
			);
			runOnlyForDeploymentPostprocessing = 0;
		};
/* End PBXFrameworksBuildPhase section */

/* Begin PBXGroup section */
		0E998E3725A1B32300366131 = {
			isa = PBXGroup;
			children = (
				0E998E4225A1B32300366131 /* FastlaneSample */,
				0E998E5925A1B32400366131 /* FastlaneSampleTests */,
				0E998E6425A1B32400366131 /* FastlaneSampleUITests */,
				0E998E4125A1B32300366131 /* Products */,
				A6A3E668F8F0EDC7AC72F309 /* Pods */,
				CD14BE4364873D4544040DE3 /* Frameworks */,
			);
			sourceTree = "<group>";
		};
		0E998E4125A1B32300366131 /* Products */ = {
			isa = PBXGroup;
			children = (
				0E998E4025A1B32300366131 /* FastlaneSample.app */,
				0E998E5625A1B32400366131 /* FastlaneSampleTests.xctest */,
				0E998E6125A1B32400366131 /* FastlaneSampleUITests.xctest */,
			);
			name = Products;
			sourceTree = "<group>";
		};
		0E998E4225A1B32300366131 /* FastlaneSample */ = {
			isa = PBXGroup;
			children = (
				0E998E4325A1B32300366131 /* AppDelegate.swift */,
				0E998E4525A1B32300366131 /* SceneDelegate.swift */,
				0E998E4725A1B32300366131 /* ViewController.swift */,
				0E998E4925A1B32300366131 /* Main.storyboard */,
				0E998E4C25A1B32400366131 /* Assets.xcassets */,
				0E998E4E25A1B32400366131 /* LaunchScreen.storyboard */,
				0E998E5125A1B32400366131 /* Info.plist */,
				0EF6A53525AC35E20023AEA0 /* GoogleService-Info.plist */,
			);
			path = FastlaneSample;
			sourceTree = "<group>";
		};
		0E998E5925A1B32400366131 /* FastlaneSampleTests */ = {
			isa = PBXGroup;
			children = (
				0E998E5A25A1B32400366131 /* FastlaneSampleTests.swift */,
				0E998E5C25A1B32400366131 /* Info.plist */,
			);
			path = FastlaneSampleTests;
			sourceTree = "<group>";
		};
		0E998E6425A1B32400366131 /* FastlaneSampleUITests */ = {
			isa = PBXGroup;
			children = (
				0E998E6525A1B32400366131 /* FastlaneSampleUITests.swift */,
				0E998E6725A1B32400366131 /* Info.plist */,
			);
			path = FastlaneSampleUITests;
			sourceTree = "<group>";
		};
		A6A3E668F8F0EDC7AC72F309 /* Pods */ = {
			isa = PBXGroup;
			children = (
				3FD07C3B2BAE2E9C2010AFB7 /* Pods-FastlaneSample.debug.xcconfig */,
				62BB26D308644AB51B6C5C8C /* Pods-FastlaneSample.release.xcconfig */,
				657653CB3A0B07067713F245 /* Pods-FastlaneSample-FastlaneSampleUITests.debug.xcconfig */,
				FC99D1CA51E085D40C81F0A2 /* Pods-FastlaneSample-FastlaneSampleUITests.release.xcconfig */,
				82C2B811C8CCEE543BEDBED5 /* Pods-FastlaneSampleTests.debug.xcconfig */,
				58AA2BB8DC07372F0558563B /* Pods-FastlaneSampleTests.release.xcconfig */,
			);
			path = Pods;
			sourceTree = "<group>";
		};
		CD14BE4364873D4544040DE3 /* Frameworks */ = {
			isa = PBXGroup;
			children = (
				D7F9E64923FF14F3F3268381 /* libPods-FastlaneSample.a */,
				DB7EDF2352F6857287D3DC36 /* libPods-FastlaneSample-FastlaneSampleUITests.a */,
				D8A4CB420E4883E441175B1B /* libPods-FastlaneSampleTests.a */,
			);
			name = Frameworks;
			sourceTree = "<group>";
		};
/* End PBXGroup section */

/* Begin PBXNativeTarget section */
		0E998E3F25A1B32300366131 /* FastlaneSample */ = {
			isa = PBXNativeTarget;
			buildConfigurationList = 0E998E6A25A1B32400366131 /* Build configuration list for PBXNativeTarget "FastlaneSample" */;
			buildPhases = (
				BE01D906D90BA6A9D57EBC92 /* [CP] Check Pods Manifest.lock */,
				0E998E3C25A1B32300366131 /* Sources */,
				0E998E3D25A1B32300366131 /* Frameworks */,
				0E998E3E25A1B32300366131 /* Resources */,
				0EF6A54825AC371B0023AEA0 /* Crashlytics */,
			);
			buildRules = (
			);
			dependencies = (
			);
			name = FastlaneSample;
			productName = FastlaneSample;
			productReference = 0E998E4025A1B32300366131 /* FastlaneSample.app */;
			productType = "com.apple.product-type.application";
		};
		0E998E5525A1B32400366131 /* FastlaneSampleTests */ = {
			isa = PBXNativeTarget;
			buildConfigurationList = 0E998E6D25A1B32400366131 /* Build configuration list for PBXNativeTarget "FastlaneSampleTests" */;
			buildPhases = (
				56AB9DE196FAE3D2B5E72F3B /* [CP] Check Pods Manifest.lock */,
				0E998E5225A1B32400366131 /* Sources */,
				0E998E5325A1B32400366131 /* Frameworks */,
				0E998E5425A1B32400366131 /* Resources */,
			);
			buildRules = (
			);
			dependencies = (
				0E998E5825A1B32400366131 /* PBXTargetDependency */,
			);
			name = FastlaneSampleTests;
			productName = FastlaneSampleTests;
			productReference = 0E998E5625A1B32400366131 /* FastlaneSampleTests.xctest */;
			productType = "com.apple.product-type.bundle.unit-test";
		};
		0E998E6025A1B32400366131 /* FastlaneSampleUITests */ = {
			isa = PBXNativeTarget;
			buildConfigurationList = 0E998E7025A1B32400366131 /* Build configuration list for PBXNativeTarget "FastlaneSampleUITests" */;
			buildPhases = (
				E5473C0C7528BAE4BB81ED2A /* [CP] Check Pods Manifest.lock */,
				0E998E5D25A1B32400366131 /* Sources */,
				0E998E5E25A1B32400366131 /* Frameworks */,
				0E998E5F25A1B32400366131 /* Resources */,
			);
			buildRules = (
			);
			dependencies = (
				0E998E6325A1B32400366131 /* PBXTargetDependency */,
			);
			name = FastlaneSampleUITests;
			productName = FastlaneSampleUITests;
			productReference = 0E998E6125A1B32400366131 /* FastlaneSampleUITests.xctest */;
			productType = "com.apple.product-type.bundle.ui-testing";
		};
/* End PBXNativeTarget section */

/* Begin PBXProject section */
		0E998E3825A1B32300366131 /* Project object */ = {
			isa = PBXProject;
			attributes = {
				LastSwiftUpdateCheck = 1220;
				LastUpgradeCheck = 1220;
				TargetAttributes = {
					0E998E3F25A1B32300366131 = {
						CreatedOnToolsVersion = 12.2;
					};
					0E998E5525A1B32400366131 = {
						CreatedOnToolsVersion = 12.2;
						TestTargetID = 0E998E3F25A1B32300366131;
					};
					0E998E6025A1B32400366131 = {
						CreatedOnToolsVersion = 12.2;
						TestTargetID = 0E998E3F25A1B32300366131;
					};
				};
			};
			buildConfigurationList = 0E998E3B25A1B32300366131 /* Build configuration list for PBXProject "FastlaneSample" */;
			compatibilityVersion = "Xcode 9.3";
			developmentRegion = en;
			hasScannedForEncodings = 0;
			knownRegions = (
				en,
				Base,
			);
			mainGroup = 0E998E3725A1B32300366131;
			productRefGroup = 0E998E4125A1B32300366131 /* Products */;
			projectDirPath = "";
			projectRoot = "";
			targets = (
				0E998E3F25A1B32300366131 /* FastlaneSample */,
				0E998E5525A1B32400366131 /* FastlaneSampleTests */,
				0E998E6025A1B32400366131 /* FastlaneSampleUITests */,
			);
		};
/* End PBXProject section */

/* Begin PBXResourcesBuildPhase section */
		0E998E3E25A1B32300366131 /* Resources */ = {
			isa = PBXResourcesBuildPhase;
			buildActionMask = 2147483647;
			files = (
				0E998E5025A1B32400366131 /* LaunchScreen.storyboard in Resources */,
				0EF6A53625AC35E20023AEA0 /* GoogleService-Info.plist in Resources */,
				0E998E4D25A1B32400366131 /* Assets.xcassets in Resources */,
				0E998E4B25A1B32300366131 /* Main.storyboard in Resources */,
			);
			runOnlyForDeploymentPostprocessing = 0;
		};
		0E998E5425A1B32400366131 /* Resources */ = {
			isa = PBXResourcesBuildPhase;
			buildActionMask = 2147483647;
			files = (
			);
			runOnlyForDeploymentPostprocessing = 0;
		};
		0E998E5F25A1B32400366131 /* Resources */ = {
			isa = PBXResourcesBuildPhase;
			buildActionMask = 2147483647;
			files = (
			);
			runOnlyForDeploymentPostprocessing = 0;
		};
/* End PBXResourcesBuildPhase section */

/* Begin PBXShellScriptBuildPhase section */
		0EF6A54825AC371B0023AEA0 /* Crashlytics */ = {
			isa = PBXShellScriptBuildPhase;
			buildActionMask = 2147483647;
			files = (
			);
			inputFileListPaths = (
			);
			inputPaths = (
				"${DWARF_DSYM_FOLDER_PATH}/${DWARF_DSYM_FILE_NAME}/Contents/Resources/DWARF/${TARGET_NAME}",
				"$(SRCROOT)/$(BUILT_PRODUCTS_DIR)/$(INFOPLIST_PATH)",
			);
			name = Crashlytics;
			outputFileListPaths = (
			);
			outputPaths = (
			);
			runOnlyForDeploymentPostprocessing = 0;
			shellPath = /bin/sh;
			shellScript = "\"${PODS_ROOT}/FirebaseCrashlytics/run\"\n";
		};
		56AB9DE196FAE3D2B5E72F3B /* [CP] Check Pods Manifest.lock */ = {
			isa = PBXShellScriptBuildPhase;
			buildActionMask = 2147483647;
			files = (
			);
			inputFileListPaths = (
			);
			inputPaths = (
				"${PODS_PODFILE_DIR_PATH}/Podfile.lock",
				"${PODS_ROOT}/Manifest.lock",
			);
			name = "[CP] Check Pods Manifest.lock";
			outputFileListPaths = (
			);
			outputPaths = (
				"$(DERIVED_FILE_DIR)/Pods-FastlaneSampleTests-checkManifestLockResult.txt",
			);
			runOnlyForDeploymentPostprocessing = 0;
			shellPath = /bin/sh;
			shellScript = "diff \"${PODS_PODFILE_DIR_PATH}/Podfile.lock\" \"${PODS_ROOT}/Manifest.lock\" > /dev/null\nif [ $? != 0 ] ; then\n    # print error to STDERR\n    echo \"error: The sandbox is not in sync with the Podfile.lock. Run 'pod install' or update your CocoaPods installation.\" >&2\n    exit 1\nfi\n# This output is used by Xcode 'outputs' to avoid re-running this script phase.\necho \"SUCCESS\" > \"${SCRIPT_OUTPUT_FILE_0}\"\n";
			showEnvVarsInLog = 0;
		};
		BE01D906D90BA6A9D57EBC92 /* [CP] Check Pods Manifest.lock */ = {
			isa = PBXShellScriptBuildPhase;
			buildActionMask = 2147483647;
			files = (
			);
			inputFileListPaths = (
			);
			inputPaths = (
				"${PODS_PODFILE_DIR_PATH}/Podfile.lock",
				"${PODS_ROOT}/Manifest.lock",
			);
			name = "[CP] Check Pods Manifest.lock";
			outputFileListPaths = (
			);
			outputPaths = (
				"$(DERIVED_FILE_DIR)/Pods-FastlaneSample-checkManifestLockResult.txt",
			);
			runOnlyForDeploymentPostprocessing = 0;
			shellPath = /bin/sh;
			shellScript = "diff \"${PODS_PODFILE_DIR_PATH}/Podfile.lock\" \"${PODS_ROOT}/Manifest.lock\" > /dev/null\nif [ $? != 0 ] ; then\n    # print error to STDERR\n    echo \"error: The sandbox is not in sync with the Podfile.lock. Run 'pod install' or update your CocoaPods installation.\" >&2\n    exit 1\nfi\n# This output is used by Xcode 'outputs' to avoid re-running this script phase.\necho \"SUCCESS\" > \"${SCRIPT_OUTPUT_FILE_0}\"\n";
			showEnvVarsInLog = 0;
		};
		E5473C0C7528BAE4BB81ED2A /* [CP] Check Pods Manifest.lock */ = {
			isa = PBXShellScriptBuildPhase;
			buildActionMask = 2147483647;
			files = (
			);
			inputFileListPaths = (
			);
			inputPaths = (
				"${PODS_PODFILE_DIR_PATH}/Podfile.lock",
				"${PODS_ROOT}/Manifest.lock",
			);
			name = "[CP] Check Pods Manifest.lock";
			outputFileListPaths = (
			);
			outputPaths = (
				"$(DERIVED_FILE_DIR)/Pods-FastlaneSample-FastlaneSampleUITests-checkManifestLockResult.txt",
			);
			runOnlyForDeploymentPostprocessing = 0;
			shellPath = /bin/sh;
			shellScript = "diff \"${PODS_PODFILE_DIR_PATH}/Podfile.lock\" \"${PODS_ROOT}/Manifest.lock\" > /dev/null\nif [ $? != 0 ] ; then\n    # print error to STDERR\n    echo \"error: The sandbox is not in sync with the Podfile.lock. Run 'pod install' or update your CocoaPods installation.\" >&2\n    exit 1\nfi\n# This output is used by Xcode 'outputs' to avoid re-running this script phase.\necho \"SUCCESS\" > \"${SCRIPT_OUTPUT_FILE_0}\"\n";
			showEnvVarsInLog = 0;
		};
/* End PBXShellScriptBuildPhase section */

/* Begin PBXSourcesBuildPhase section */
		0E998E3C25A1B32300366131 /* Sources */ = {
			isa = PBXSourcesBuildPhase;
			buildActionMask = 2147483647;
			files = (
				0E998E4825A1B32300366131 /* ViewController.swift in Sources */,
				0E998E4425A1B32300366131 /* AppDelegate.swift in Sources */,
				0E998E4625A1B32300366131 /* SceneDelegate.swift in Sources */,
			);
			runOnlyForDeploymentPostprocessing = 0;
		};
		0E998E5225A1B32400366131 /* Sources */ = {
			isa = PBXSourcesBuildPhase;
			buildActionMask = 2147483647;
			files = (
				0E998E5B25A1B32400366131 /* FastlaneSampleTests.swift in Sources */,
			);
			runOnlyForDeploymentPostprocessing = 0;
		};
		0E998E5D25A1B32400366131 /* Sources */ = {
			isa = PBXSourcesBuildPhase;
			buildActionMask = 2147483647;
			files = (
				0E998E6625A1B32400366131 /* FastlaneSampleUITests.swift in Sources */,
			);
			runOnlyForDeploymentPostprocessing = 0;
		};
/* End PBXSourcesBuildPhase section */

/* Begin PBXTargetDependency section */
		0E998E5825A1B32400366131 /* PBXTargetDependency */ = {
			isa = PBXTargetDependency;
			target = 0E998E3F25A1B32300366131 /* FastlaneSample */;
			targetProxy = 0E998E5725A1B32400366131 /* PBXContainerItemProxy */;
		};
		0E998E6325A1B32400366131 /* PBXTargetDependency */ = {
			isa = PBXTargetDependency;
			target = 0E998E3F25A1B32300366131 /* FastlaneSample */;
			targetProxy = 0E998E6225A1B32400366131 /* PBXContainerItemProxy */;
		};
/* End PBXTargetDependency section */

/* Begin PBXVariantGroup section */
		0E998E4925A1B32300366131 /* Main.storyboard */ = {
			isa = PBXVariantGroup;
			children = (
				0E998E4A25A1B32300366131 /* Base */,
			);
			name = Main.storyboard;
			sourceTree = "<group>";
		};
		0E998E4E25A1B32400366131 /* LaunchScreen.storyboard */ = {
			isa = PBXVariantGroup;
			children = (
				0E998E4F25A1B32400366131 /* Base */,
			);
			name = LaunchScreen.storyboard;
			sourceTree = "<group>";
		};
/* End PBXVariantGroup section */

/* Begin XCBuildConfiguration section */
		0E998E6825A1B32400366131 /* Debug */ = {
			isa = XCBuildConfiguration;
			buildSettings = {
				ALWAYS_SEARCH_USER_PATHS = NO;
				CLANG_ANALYZER_NONNULL = YES;
				CLANG_ANALYZER_NUMBER_OBJECT_CONVERSION = YES_AGGRESSIVE;
				CLANG_CXX_LANGUAGE_STANDARD = "gnu++14";
				CLANG_CXX_LIBRARY = "libc++";
				CLANG_ENABLE_MODULES = YES;
				CLANG_ENABLE_OBJC_ARC = YES;
				CLANG_ENABLE_OBJC_WEAK = YES;
				CLANG_WARN_BLOCK_CAPTURE_AUTORELEASING = YES;
				CLANG_WARN_BOOL_CONVERSION = YES;
				CLANG_WARN_COMMA = YES;
				CLANG_WARN_CONSTANT_CONVERSION = YES;
				CLANG_WARN_DEPRECATED_OBJC_IMPLEMENTATIONS = YES;
				CLANG_WARN_DIRECT_OBJC_ISA_USAGE = YES_ERROR;
				CLANG_WARN_DOCUMENTATION_COMMENTS = YES;
				CLANG_WARN_EMPTY_BODY = YES;
				CLANG_WARN_ENUM_CONVERSION = YES;
				CLANG_WARN_INFINITE_RECURSION = YES;
				CLANG_WARN_INT_CONVERSION = YES;
				CLANG_WARN_NON_LITERAL_NULL_CONVERSION = YES;
				CLANG_WARN_OBJC_IMPLICIT_RETAIN_SELF = YES;
				CLANG_WARN_OBJC_LITERAL_CONVERSION = YES;
				CLANG_WARN_OBJC_ROOT_CLASS = YES_ERROR;
				CLANG_WARN_QUOTED_INCLUDE_IN_FRAMEWORK_HEADER = YES;
				CLANG_WARN_RANGE_LOOP_ANALYSIS = YES;
				CLANG_WARN_STRICT_PROTOTYPES = YES;
				CLANG_WARN_SUSPICIOUS_MOVE = YES;
				CLANG_WARN_UNGUARDED_AVAILABILITY = YES_AGGRESSIVE;
				CLANG_WARN_UNREACHABLE_CODE = YES;
				CLANG_WARN__DUPLICATE_METHOD_MATCH = YES;
				COPY_PHASE_STRIP = NO;
				DEBUG_INFORMATION_FORMAT = dwarf;
				ENABLE_STRICT_OBJC_MSGSEND = YES;
				ENABLE_TESTABILITY = YES;
				GCC_C_LANGUAGE_STANDARD = gnu11;
				GCC_DYNAMIC_NO_PIC = NO;
				GCC_NO_COMMON_BLOCKS = YES;
				GCC_OPTIMIZATION_LEVEL = 0;
				GCC_PREPROCESSOR_DEFINITIONS = (
					"DEBUG=1",
					"$(inherited)",
				);
				GCC_WARN_64_TO_32_BIT_CONVERSION = YES;
				GCC_WARN_ABOUT_RETURN_TYPE = YES_ERROR;
				GCC_WARN_UNDECLARED_SELECTOR = YES;
				GCC_WARN_UNINITIALIZED_AUTOS = YES_AGGRESSIVE;
				GCC_WARN_UNUSED_FUNCTION = YES;
				GCC_WARN_UNUSED_VARIABLE = YES;
				IPHONEOS_DEPLOYMENT_TARGET = 14.2;
				MTL_ENABLE_DEBUG_INFO = INCLUDE_SOURCE;
				MTL_FAST_MATH = YES;
				ONLY_ACTIVE_ARCH = YES;
				SDKROOT = iphoneos;
				SWIFT_ACTIVE_COMPILATION_CONDITIONS = DEBUG;
				SWIFT_OPTIMIZATION_LEVEL = "-Onone";
			};
			name = Debug;
		};
		0E998E6925A1B32400366131 /* Release */ = {
			isa = XCBuildConfiguration;
			buildSettings = {
				ALWAYS_SEARCH_USER_PATHS = NO;
				CLANG_ANALYZER_NONNULL = YES;
				CLANG_ANALYZER_NUMBER_OBJECT_CONVERSION = YES_AGGRESSIVE;
				CLANG_CXX_LANGUAGE_STANDARD = "gnu++14";
				CLANG_CXX_LIBRARY = "libc++";
				CLANG_ENABLE_MODULES = YES;
				CLANG_ENABLE_OBJC_ARC = YES;
				CLANG_ENABLE_OBJC_WEAK = YES;
				CLANG_WARN_BLOCK_CAPTURE_AUTORELEASING = YES;
				CLANG_WARN_BOOL_CONVERSION = YES;
				CLANG_WARN_COMMA = YES;
				CLANG_WARN_CONSTANT_CONVERSION = YES;
				CLANG_WARN_DEPRECATED_OBJC_IMPLEMENTATIONS = YES;
				CLANG_WARN_DIRECT_OBJC_ISA_USAGE = YES_ERROR;
				CLANG_WARN_DOCUMENTATION_COMMENTS = YES;
				CLANG_WARN_EMPTY_BODY = YES;
				CLANG_WARN_ENUM_CONVERSION = YES;
				CLANG_WARN_INFINITE_RECURSION = YES;
				CLANG_WARN_INT_CONVERSION = YES;
				CLANG_WARN_NON_LITERAL_NULL_CONVERSION = YES;
				CLANG_WARN_OBJC_IMPLICIT_RETAIN_SELF = YES;
				CLANG_WARN_OBJC_LITERAL_CONVERSION = YES;
				CLANG_WARN_OBJC_ROOT_CLASS = YES_ERROR;
				CLANG_WARN_QUOTED_INCLUDE_IN_FRAMEWORK_HEADER = YES;
				CLANG_WARN_RANGE_LOOP_ANALYSIS = YES;
				CLANG_WARN_STRICT_PROTOTYPES = YES;
				CLANG_WARN_SUSPICIOUS_MOVE = YES;
				CLANG_WARN_UNGUARDED_AVAILABILITY = YES_AGGRESSIVE;
				CLANG_WARN_UNREACHABLE_CODE = YES;
				CLANG_WARN__DUPLICATE_METHOD_MATCH = YES;
				COPY_PHASE_STRIP = NO;
				DEBUG_INFORMATION_FORMAT = "dwarf-with-dsym";
				ENABLE_NS_ASSERTIONS = NO;
				ENABLE_STRICT_OBJC_MSGSEND = YES;
				GCC_C_LANGUAGE_STANDARD = gnu11;
				GCC_NO_COMMON_BLOCKS = YES;
				GCC_WARN_64_TO_32_BIT_CONVERSION = YES;
				GCC_WARN_ABOUT_RETURN_TYPE = YES_ERROR;
				GCC_WARN_UNDECLARED_SELECTOR = YES;
				GCC_WARN_UNINITIALIZED_AUTOS = YES_AGGRESSIVE;
				GCC_WARN_UNUSED_FUNCTION = YES;
				GCC_WARN_UNUSED_VARIABLE = YES;
				IPHONEOS_DEPLOYMENT_TARGET = 14.2;
				MTL_ENABLE_DEBUG_INFO = NO;
				MTL_FAST_MATH = YES;
				SDKROOT = iphoneos;
				SWIFT_COMPILATION_MODE = wholemodule;
				SWIFT_OPTIMIZATION_LEVEL = "-O";
				VALIDATE_PRODUCT = YES;
			};
			name = Release;
		};
		0E998E6B25A1B32400366131 /* Debug */ = {
			isa = XCBuildConfiguration;
			baseConfigurationReference = 3FD07C3B2BAE2E9C2010AFB7 /* Pods-FastlaneSample.debug.xcconfig */;
			buildSettings = {
				ARCHS = "$(ARCHS_STANDARD)";
				ASSETCATALOG_COMPILER_APPICON_NAME = AppIcon;
				ASSETCATALOG_COMPILER_GLOBAL_ACCENT_COLOR_NAME = AccentColor;
				CODE_SIGN_STYLE = Automatic;
				"EXCLUDED_ARCHS[sdk=iphonesimulator*]" = arm64;
				INFOPLIST_FILE = FastlaneSample/Info.plist;
				IPHONEOS_DEPLOYMENT_TARGET = 14.0;
				LD_RUNPATH_SEARCH_PATHS = (
					"$(inherited)",
					"@executable_path/Frameworks",
				);
				MARKETING_VERSION = 1.0.0;
				PRODUCT_BUNDLE_IDENTIFIER = com.github.matsuda.FastlaneSample;
				PRODUCT_NAME = "$(TARGET_NAME)";
				SWIFT_VERSION = 5.0;
				TARGETED_DEVICE_FAMILY = "1,2";
			};
			name = Debug;
		};
		0E998E6C25A1B32400366131 /* Release */ = {
			isa = XCBuildConfiguration;
			baseConfigurationReference = 62BB26D308644AB51B6C5C8C /* Pods-FastlaneSample.release.xcconfig */;
			buildSettings = {
				ARCHS = "$(ARCHS_STANDARD)";
				ASSETCATALOG_COMPILER_APPICON_NAME = AppIcon;
				ASSETCATALOG_COMPILER_GLOBAL_ACCENT_COLOR_NAME = AccentColor;
				CODE_SIGN_STYLE = Automatic;
				"EXCLUDED_ARCHS[sdk=iphonesimulator*]" = arm64;
				INFOPLIST_FILE = FastlaneSample/Info.plist;
				IPHONEOS_DEPLOYMENT_TARGET = 14.0;
				LD_RUNPATH_SEARCH_PATHS = (
					"$(inherited)",
					"@executable_path/Frameworks",
				);
				MARKETING_VERSION = 1.0.0;
				PRODUCT_BUNDLE_IDENTIFIER = com.github.matsuda.FastlaneSample;
				PRODUCT_NAME = "$(TARGET_NAME)";
				SWIFT_VERSION = 5.0;
				TARGETED_DEVICE_FAMILY = "1,2";
			};
			name = Release;
		};
		0E998E6E25A1B32400366131 /* Debug */ = {
			isa = XCBuildConfiguration;
			baseConfigurationReference = 82C2B811C8CCEE543BEDBED5 /* Pods-FastlaneSampleTests.debug.xcconfig */;
			buildSettings = {
				ALWAYS_EMBED_SWIFT_STANDARD_LIBRARIES = YES;
				BUNDLE_LOADER = "$(TEST_HOST)";
				CODE_SIGN_STYLE = Automatic;
				INFOPLIST_FILE = FastlaneSampleTests/Info.plist;
				IPHONEOS_DEPLOYMENT_TARGET = 14.2;
				LD_RUNPATH_SEARCH_PATHS = (
					"$(inherited)",
					"@executable_path/Frameworks",
					"@loader_path/Frameworks",
				);
				PRODUCT_BUNDLE_IDENTIFIER = com.github.matsuda.FastlaneSampleTests;
				PRODUCT_NAME = "$(TARGET_NAME)";
				SWIFT_VERSION = 5.0;
				TARGETED_DEVICE_FAMILY = "1,2";
				TEST_HOST = "$(BUILT_PRODUCTS_DIR)/FastlaneSample.app/FastlaneSample";
			};
			name = Debug;
		};
		0E998E6F25A1B32400366131 /* Release */ = {
			isa = XCBuildConfiguration;
			baseConfigurationReference = 58AA2BB8DC07372F0558563B /* Pods-FastlaneSampleTests.release.xcconfig */;
			buildSettings = {
				ALWAYS_EMBED_SWIFT_STANDARD_LIBRARIES = YES;
				BUNDLE_LOADER = "$(TEST_HOST)";
				CODE_SIGN_STYLE = Automatic;
				INFOPLIST_FILE = FastlaneSampleTests/Info.plist;
				IPHONEOS_DEPLOYMENT_TARGET = 14.2;
				LD_RUNPATH_SEARCH_PATHS = (
					"$(inherited)",
					"@executable_path/Frameworks",
					"@loader_path/Frameworks",
				);
				PRODUCT_BUNDLE_IDENTIFIER = com.github.matsuda.FastlaneSampleTests;
				PRODUCT_NAME = "$(TARGET_NAME)";
				SWIFT_VERSION = 5.0;
				TARGETED_DEVICE_FAMILY = "1,2";
				TEST_HOST = "$(BUILT_PRODUCTS_DIR)/FastlaneSample.app/FastlaneSample";
			};
			name = Release;
		};
		0E998E7125A1B32400366131 /* Debug */ = {
			isa = XCBuildConfiguration;
			baseConfigurationReference = 657653CB3A0B07067713F245 /* Pods-FastlaneSample-FastlaneSampleUITests.debug.xcconfig */;
			buildSettings = {
				ALWAYS_EMBED_SWIFT_STANDARD_LIBRARIES = YES;
				CODE_SIGN_STYLE = Automatic;
				INFOPLIST_FILE = FastlaneSampleUITests/Info.plist;
				LD_RUNPATH_SEARCH_PATHS = (
					"$(inherited)",
					"@executable_path/Frameworks",
					"@loader_path/Frameworks",
				);
				PRODUCT_BUNDLE_IDENTIFIER = com.github.matsuda.FastlaneSampleUITests;
				PRODUCT_NAME = "$(TARGET_NAME)";
				SWIFT_VERSION = 5.0;
				TARGETED_DEVICE_FAMILY = "1,2";
				TEST_TARGET_NAME = FastlaneSample;
			};
			name = Debug;
		};
		0E998E7225A1B32400366131 /* Release */ = {
			isa = XCBuildConfiguration;
			baseConfigurationReference = FC99D1CA51E085D40C81F0A2 /* Pods-FastlaneSample-FastlaneSampleUITests.release.xcconfig */;
			buildSettings = {
				ALWAYS_EMBED_SWIFT_STANDARD_LIBRARIES = YES;
				CODE_SIGN_STYLE = Automatic;
				INFOPLIST_FILE = FastlaneSampleUITests/Info.plist;
				LD_RUNPATH_SEARCH_PATHS = (
					"$(inherited)",
					"@executable_path/Frameworks",
					"@loader_path/Frameworks",
				);
				PRODUCT_BUNDLE_IDENTIFIER = com.github.matsuda.FastlaneSampleUITests;
				PRODUCT_NAME = "$(TARGET_NAME)";
				SWIFT_VERSION = 5.0;
				TARGETED_DEVICE_FAMILY = "1,2";
				TEST_TARGET_NAME = FastlaneSample;
			};
			name = Release;
		};
/* End XCBuildConfiguration section */

/* Begin XCConfigurationList section */
		0E998E3B25A1B32300366131 /* Build configuration list for PBXProject "FastlaneSample" */ = {
			isa = XCConfigurationList;
			buildConfigurations = (
				0E998E6825A1B32400366131 /* Debug */,
				0E998E6925A1B32400366131 /* Release */,
			);
			defaultConfigurationIsVisible = 0;
			defaultConfigurationName = Release;
		};
		0E998E6A25A1B32400366131 /* Build configuration list for PBXNativeTarget "FastlaneSample" */ = {
			isa = XCConfigurationList;
			buildConfigurations = (
				0E998E6B25A1B32400366131 /* Debug */,
				0E998E6C25A1B32400366131 /* Release */,
			);
			defaultConfigurationIsVisible = 0;
			defaultConfigurationName = Release;
		};
		0E998E6D25A1B32400366131 /* Build configuration list for PBXNativeTarget "FastlaneSampleTests" */ = {
			isa = XCConfigurationList;
			buildConfigurations = (
				0E998E6E25A1B32400366131 /* Debug */,
				0E998E6F25A1B32400366131 /* Release */,
			);
			defaultConfigurationIsVisible = 0;
			defaultConfigurationName = Release;
		};
		0E998E7025A1B32400366131 /* Build configuration list for PBXNativeTarget "FastlaneSampleUITests" */ = {
			isa = XCConfigurationList;
			buildConfigurations = (
				0E998E7125A1B32400366131 /* Debug */,
				0E998E7225A1B32400366131 /* Release */,
			);
			defaultConfigurationIsVisible = 0;
			defaultConfigurationName = Release;
		};
/* End XCConfigurationList section */
	};
	rootObject = 0E998E3825A1B32300366131 /* Project object */;
}
